
Microsoft Visual Studio Solution File, Format Version 12.00
Project("{FAE04EC0-301F-11D3-BF4B-00C04F79EFBC}") = "Dashboard", "Dashboard\Dashboard.csproj", "{386F01E6-1DBD-4F17-B0D6-ECE1B5CECF28}"
EndProject
Project("{FAE04EC0-301F-11D3-BF4B-00C04F79EFBC}") = "ThirdPartyService", "ThirdPartyService\ThirdPartyService.csproj", "{BB8AFF57-0749-41AE-868B-D0F96EF3998A}"
EndProject
Project("{FAE04EC0-301F-11D3-BF4B-00C04F79EFBC}") = "ZampleData", "ZampleData\ZampleData.csproj", "{C64FC363-D392-4511-BE3A-640121F2517C}"
EndProject
Global
	GlobalSection(SolutionConfigurationPlatforms) = preSolution
		Debug|Any CPU = Debug|Any CPU
		Release|Any CPU = Release|Any CPU
	EndGlobalSection
	GlobalSection(ProjectConfigurationPlatforms) = postSolution
		{386F01E6-1DBD-4F17-B0D6-ECE1B5CECF28}.Debug|Any CPU.ActiveCfg = Debug|Any CPU
		{386F01E6-1DBD-4F17-B0D6-ECE1B5CECF28}.Debug|Any CPU.Build.0 = Debug|Any CPU
		{386F01E6-1DBD-4F17-B0D6-ECE1B5CECF28}.Release|Any CPU.ActiveCfg = Release|Any CPU
		{386F01E6-1DBD-4F17-B0D6-ECE1B5CECF28}.Release|Any CPU.Build.0 = Release|Any CPU
		{BB8AFF57-0749-41AE-868B-D0F96EF3998A}.Debug|Any CPU.ActiveCfg = Debug|Any CPU
		{BB8AFF57-0749-41AE-868B-D0F96EF3998A}.Debug|Any CPU.Build.0 = Debug|Any CPU
		{BB8AFF57-0749-41AE-868B-D0F96EF3998A}.Release|Any CPU.ActiveCfg = Release|Any CPU
		{BB8AFF57-0749-41AE-868B-D0F96EF3998A}.Release|Any CPU.Build.0 = Release|Any CPU
		{C64FC363-D392-4511-BE3A-640121F2517C}.Debug|Any CPU.ActiveCfg = Debug|Any CPU
		{C64FC363-D392-4511-BE3A-640121F2517C}.Debug|Any CPU.Build.0 = Debug|Any CPU
		{C64FC363-D392-4511-BE3A-640121F2517C}.Release|Any CPU.ActiveCfg = Release|Any CPU
		{C64FC363-D392-4511-BE3A-640121F2517C}.Release|Any CPU.Build.0 = Release|Any CPU
	EndGlobalSection
EndGlobal
